
Microsoft Visual Studio Solution File, Format Version 12.00
# Visual Studio Version 17
VisualStudioVersion = 17.5.33627.172
MinimumVisualStudioVersion = 10.0.40219.1
Project("{FAE04EC0-301F-11D3-BF4B-00C04F79EFBC}") = "Kalender app", "Kalender app.csproj", "{F94AC33C-C841-4118-B06B-F759E25F1E72}"
EndProject
Global
	GlobalSection(SolutionConfigurationPlatforms) = preSolution
		Debug|Any CPU = Debug|Any CPU
		Release|Any CPU = Release|Any CPU
	EndGlobalSection
	GlobalSection(ProjectConfigurationPlatforms) = postSolution
		{F94AC33C-C841-4118-B06B-F759E25F1E72}.Debug|Any CPU.ActiveCfg = Debug|Any CPU
		{F94AC33C-C841-4118-B06B-F759E25F1E72}.Debug|Any CPU.Build.0 = Debug|Any CPU
		{F94AC33C-C841-4118-B06B-F759E25F1E72}.Release|Any CPU.ActiveCfg = Release|Any CPU
		{F94AC33C-C841-4118-B06B-F759E25F1E72}.Release|Any CPU.Build.0 = Release|Any CPU
	EndGlobalSection
	GlobalSection(SolutionProperties) = preSolution
		HideSolutionNode = FALSE
	EndGlobalSection
	GlobalSection(ExtensibilityGlobals) = postSolution
		SolutionGuid = {AEC5619C-0E6E-4781-8D2F-90293AD684B6}
	EndGlobalSection
EndGlobal
